
Microsoft Visual Studio Solution File, Format Version 12.00
# Visual Studio Version 16
VisualStudioVersion = 16.0.31205.134
MinimumVisualStudioVersion = 10.0.40219.1
Project("{6EC3EE1D-3C4E-46DD-8F32-0CC8E7565705}") = "AvalonLog", "AvalonLog.fsproj", "{7C2FBF4E-A845-4A0D-A39C-4A522EC0977B}"
EndProject
Global
	GlobalSection(SolutionConfigurationPlatforms) = preSolution
		Debug|Any CPU = Debug|Any CPU
		Release|Any CPU = Release|Any CPU
	EndGlobalSection
	GlobalSection(ProjectConfigurationPlatforms) = postSolution
		{7C2FBF4E-A845-4A0D-A39C-4A522EC0977B}.Debug|Any CPU.ActiveCfg = Debug|Any CPU
		{7C2FBF4E-A845-4A0D-A39C-4A522EC0977B}.Debug|Any CPU.Build.0 = Debug|Any CPU
		{7C2FBF4E-A845-4A0D-A39C-4A522EC0977B}.Release|Any CPU.ActiveCfg = Release|Any CPU
		{7C2FBF4E-A845-4A0D-A39C-4A522EC0977B}.Release|Any CPU.Build.0 = Release|Any CPU
	EndGlobalSection
	GlobalSection(SolutionProperties) = preSolution
		HideSolutionNode = FALSE
	EndGlobalSection
	GlobalSection(ExtensibilityGlobals) = postSolution
		SolutionGuid = {C625695F-3800-45B2-A04A-1431906C1F8B}
	EndGlobalSection
EndGlobal
